
Microsoft Visual Studio Solution File, Format Version 12.00
# Visual Studio Version 17
VisualStudioVersion = 17.5.002.0
MinimumVisualStudioVersion = 10.0.40219.1
Project("{9A19103F-16F7-4668-BE54-9A1E7A4F7556}") = "Lab5", "Lab5.csproj", "{EA368E45-7826-4522-962F-DC9B9370C0E3}"
EndProject
Global
	GlobalSection(SolutionConfigurationPlatforms) = preSolution
		Debug|Any CPU = Debug|Any CPU
		Release|Any CPU = Release|Any CPU
	EndGlobalSection
	GlobalSection(ProjectConfigurationPlatforms) = postSolution
		{EA368E45-7826-4522-962F-DC9B9370C0E3}.Debug|Any CPU.ActiveCfg = Debug|Any CPU
		{EA368E45-7826-4522-962F-DC9B9370C0E3}.Debug|Any CPU.Build.0 = Debug|Any CPU
		{EA368E45-7826-4522-962F-DC9B9370C0E3}.Release|Any CPU.ActiveCfg = Release|Any CPU
		{EA368E45-7826-4522-962F-DC9B9370C0E3}.Release|Any CPU.Build.0 = Release|Any CPU
	EndGlobalSection
	GlobalSection(SolutionProperties) = preSolution
		HideSolutionNode = FALSE
	EndGlobalSection
	GlobalSection(ExtensibilityGlobals) = postSolution
		SolutionGuid = {C1EAF90E-8261-44E0-BE42-52FFC99AE120}
	EndGlobalSection
EndGlobal
